// !$*UTF8*$!
{
	archiveVersion = 1;
	classes = {
	};
	objectVersion = 46;
	objects = {

/* Begin PBXBuildFile section */
		B69A3D3D1E397604002B8BB0 /* main.m in Sources */ = {isa = PBXBuildFile; fileRef = B69A3D3C1E397604002B8BB0 /* main.m */; };
		B69A3D401E397604002B8BB0 /* AppDelegate.m in Sources */ = {isa = PBXBuildFile; fileRef = B69A3D3F1E397604002B8BB0 /* AppDelegate.m */; };
		B69A3D431E397604002B8BB0 /* ViewController.m in Sources */ = {isa = PBXBuildFile; fileRef = B69A3D421E397604002B8BB0 /* ViewController.m */; };
		B69A3D461E397604002B8BB0 /* Main.storyboard in Resources */ = {isa = PBXBuildFile; fileRef = B69A3D441E397604002B8BB0 /* Main.storyboard */; };
		B69A3D481E397604002B8BB0 /* Assets.xcassets in Resources */ = {isa = PBXBuildFile; fileRef = B69A3D471E397604002B8BB0 /* Assets.xcassets */; };
		B69A3D4B1E397604002B8BB0 /* LaunchScreen.storyboard in Resources */ = {isa = PBXBuildFile; fileRef = B69A3D491E397604002B8BB0 /* LaunchScreen.storyboard */; };
		B69A3D561E397604002B8BB0 /* ChessWithOdinTests.m in Sources */ = {isa = PBXBuildFile; fileRef = B69A3D551E397604002B8BB0 /* ChessWithOdinTests.m */; };
		B69A3D611E397604002B8BB0 /* ChessWithOdinUITests.m in Sources */ = {isa = PBXBuildFile; fileRef = B69A3D601E397604002B8BB0 /* ChessWithOdinUITests.m */; };
		B69A3D721E397797002B8BB0 /* Odin.m in Sources */ = {isa = PBXBuildFile; fileRef = B69A3D6F1E397797002B8BB0 /* Odin.m */; };
		B69A3D731E397797002B8BB0 /* TheBoard.m in Sources */ = {isa = PBXBuildFile; fileRef = B69A3D711E397797002B8BB0 /* TheBoard.m */; };
		B69A3D751E39782A002B8BB0 /* Vonique 64.ttf in Resources */ = {isa = PBXBuildFile; fileRef = B69A3D741E397801002B8BB0 /* Vonique 64.ttf */; };
/* End PBXBuildFile section */

/* Begin PBXContainerItemProxy section */
		B69A3D521E397604002B8BB0 /* PBXContainerItemProxy */ = {
			isa = PBXContainerItemProxy;
			containerPortal = B69A3D301E397604002B8BB0 /* Project object */;
			proxyType = 1;
			remoteGlobalIDString = B69A3D371E397604002B8BB0;
			remoteInfo = ChessWithOdin;
		};
		B69A3D5D1E397604002B8BB0 /* PBXContainerItemProxy */ = {
			isa = PBXContainerItemProxy;
			containerPortal = B69A3D301E397604002B8BB0 /* Project object */;
			proxyType = 1;
			remoteGlobalIDString = B69A3D371E397604002B8BB0;
			remoteInfo = ChessWithOdin;
		};
/* End PBXContainerItemProxy section */

/* Begin PBXFileReference section */
		B69A3D381E397604002B8BB0 /* ChessWithOdin.app */ = {isa = PBXFileReference; explicitFileType = wrapper.application; includeInIndex = 0; path = ChessWithOdin.app; sourceTree = BUILT_PRODUCTS_DIR; };
		B69A3D3C1E397604002B8BB0 /* main.m */ = {isa = PBXFileReference; lastKnownFileType = sourcecode.c.objc; path = main.m; sourceTree = "<group>"; };
		B69A3D3E1E397604002B8BB0 /* AppDelegate.h */ = {isa = PBXFileReference; lastKnownFileType = sourcecode.c.h; path = AppDelegate.h; sourceTree = "<group>"; };
		B69A3D3F1E397604002B8BB0 /* AppDelegate.m */ = {isa = PBXFileReference; lastKnownFileType = sourcecode.c.objc; path = AppDelegate.m; sourceTree = "<group>"; };
		B69A3D411E397604002B8BB0 /* ViewController.h */ = {isa = PBXFileReference; lastKnownFileType = sourcecode.c.h; path = ViewController.h; sourceTree = "<group>"; };
		B69A3D421E397604002B8BB0 /* ViewController.m */ = {isa = PBXFileReference; lastKnownFileType = sourcecode.c.objc; path = ViewController.m; sourceTree = "<group>"; };
		B69A3D451E397604002B8BB0 /* Base */ = {isa = PBXFileReference; lastKnownFileType = file.storyboard; name = Base; path = Base.lproj/Main.storyboard; sourceTree = "<group>"; };
		B69A3D471E397604002B8BB0 /* Assets.xcassets */ = {isa = PBXFileReference; lastKnownFileType = folder.assetcatalog; path = Assets.xcassets; sourceTree = "<group>"; };
		B69A3D4A1E397604002B8BB0 /* Base */ = {isa = PBXFileReference; lastKnownFileType = file.storyboard; name = Base; path = Base.lproj/LaunchScreen.storyboard; sourceTree = "<group>"; };
		B69A3D4C1E397604002B8BB0 /* Info.plist */ = {isa = PBXFileReference; lastKnownFileType = text.plist.xml; path = Info.plist; sourceTree = "<group>"; };
		B69A3D511E397604002B8BB0 /* ChessWithOdinTests.xctest */ = {isa = PBXFileReference; explicitFileType = wrapper.cfbundle; includeInIndex = 0; path = ChessWithOdinTests.xctest; sourceTree = BUILT_PRODUCTS_DIR; };
		B69A3D551E397604002B8BB0 /* ChessWithOdinTests.m */ = {isa = PBXFileReference; lastKnownFileType = sourcecode.c.objc; path = ChessWithOdinTests.m; sourceTree = "<group>"; };
		B69A3D571E397604002B8BB0 /* Info.plist */ = {isa = PBXFileReference; lastKnownFileType = text.plist.xml; path = Info.plist; sourceTree = "<group>"; };
		B69A3D5C1E397604002B8BB0 /* ChessWithOdinUITests.xctest */ = {isa = PBXFileReference; explicitFileType = wrapper.cfbundle; includeInIndex = 0; path = ChessWithOdinUITests.xctest; sourceTree = BUILT_PRODUCTS_DIR; };
		B69A3D601E397604002B8BB0 /* ChessWithOdinUITests.m */ = {isa = PBXFileReference; lastKnownFileType = sourcecode.c.objc; path = ChessWithOdinUITests.m; sourceTree = "<group>"; };
		B69A3D621E397604002B8BB0 /* Info.plist */ = {isa = PBXFileReference; lastKnownFileType = text.plist.xml; path = Info.plist; sourceTree = "<group>"; };
		B69A3D6E1E397797002B8BB0 /* Odin.h */ = {isa = PBXFileReference; fileEncoding = 4; lastKnownFileType = sourcecode.c.h; path = Odin.h; sourceTree = "<group>"; };
		B69A3D6F1E397797002B8BB0 /* Odin.m */ = {isa = PBXFileReference; fileEncoding = 4; lastKnownFileType = sourcecode.c.objc; path = Odin.m; sourceTree = "<group>"; };
		B69A3D701E397797002B8BB0 /* TheBoard.h */ = {isa = PBXFileReference; fileEncoding = 4; lastKnownFileType = sourcecode.c.h; path = TheBoard.h; sourceTree = "<group>"; };
		B69A3D711E397797002B8BB0 /* TheBoard.m */ = {isa = PBXFileReference; fileEncoding = 4; lastKnownFileType = sourcecode.c.objc; path = TheBoard.m; sourceTree = "<group>"; };
		B69A3D741E397801002B8BB0 /* Vonique 64.ttf */ = {isa = PBXFileReference; lastKnownFileType = file; path = "Vonique 64.ttf"; sourceTree = SOURCE_ROOT; };
/* End PBXFileReference section */

/* Begin PBXFrameworksBuildPhase section */
		B69A3D351E397604002B8BB0 /* Frameworks */ = {
			isa = PBXFrameworksBuildPhase;
			buildActionMask = 2147483647;
			files = (
			);
			runOnlyForDeploymentPostprocessing = 0;
		};
		B69A3D4E1E397604002B8BB0 /* Frameworks */ = {
			isa = PBXFrameworksBuildPhase;
			buildActionMask = 2147483647;
			files = (
			);
			runOnlyForDeploymentPostprocessing = 0;
		};
		B69A3D591E397604002B8BB0 /* Frameworks */ = {
			isa = PBXFrameworksBuildPhase;
			buildActionMask = 2147483647;
			files = (
			);
			runOnlyForDeploymentPostprocessing = 0;
		};
/* End PBXFrameworksBuildPhase section */

/* Begin PBXGroup section */
		B69A3D2F1E397604002B8BB0 = {
			isa = PBXGroup;
			children = (
				B69A3D3A1E397604002B8BB0 /* ChessWithOdin */,
				B69A3D541E397604002B8BB0 /* ChessWithOdinTests */,
				B69A3D5F1E397604002B8BB0 /* ChessWithOdinUITests */,
				B69A3D391E397604002B8BB0 /* Products */,
			);
			sourceTree = "<group>";
		};
		B69A3D391E397604002B8BB0 /* Products */ = {
			isa = PBXGroup;
			children = (
				B69A3D381E397604002B8BB0 /* ChessWithOdin.app */,
				B69A3D511E397604002B8BB0 /* ChessWithOdinTests.xctest */,
				B69A3D5C1E397604002B8BB0 /* ChessWithOdinUITests.xctest */,
			);
			name = Products;
			sourceTree = "<group>";
		};
		B69A3D3A1E397604002B8BB0 /* ChessWithOdin */ = {
			isa = PBXGroup;
			children = (
				B69A3D3E1E397604002B8BB0 /* AppDelegate.h */,
				B69A3D3F1E397604002B8BB0 /* AppDelegate.m */,
				B69A3D411E397604002B8BB0 /* ViewController.h */,
				B69A3D421E397604002B8BB0 /* ViewController.m */,
				B69A3D6E1E397797002B8BB0 /* Odin.h */,
				B69A3D6F1E397797002B8BB0 /* Odin.m */,
				B69A3D701E397797002B8BB0 /* TheBoard.h */,
				B69A3D711E397797002B8BB0 /* TheBoard.m */,
				B69A3D441E397604002B8BB0 /* Main.storyboard */,
				B69A3D471E397604002B8BB0 /* Assets.xcassets */,
				B69A3D491E397604002B8BB0 /* LaunchScreen.storyboard */,
				B69A3D4C1E397604002B8BB0 /* Info.plist */,
				B69A3D741E397801002B8BB0 /* Vonique 64.ttf */,
				B69A3D3B1E397604002B8BB0 /* Supporting Files */,
			);
			path = ChessWithOdin;
			sourceTree = "<group>";
		};
		B69A3D3B1E397604002B8BB0 /* Supporting Files */ = {
			isa = PBXGroup;
			children = (
				B69A3D3C1E397604002B8BB0 /* main.m */,
			);
			name = "Supporting Files";
			sourceTree = "<group>";
		};
		B69A3D541E397604002B8BB0 /* ChessWithOdinTests */ = {
			isa = PBXGroup;
			children = (
				B69A3D551E397604002B8BB0 /* ChessWithOdinTests.m */,
				B69A3D571E397604002B8BB0 /* Info.plist */,
			);
			path = ChessWithOdinTests;
			sourceTree = "<group>";
		};
		B69A3D5F1E397604002B8BB0 /* ChessWithOdinUITests */ = {
			isa = PBXGroup;
			children = (
				B69A3D601E397604002B8BB0 /* ChessWithOdinUITests.m */,
				B69A3D621E397604002B8BB0 /* Info.plist */,
			);
			path = ChessWithOdinUITests;
			sourceTree = "<group>";
		};
/* End PBXGroup section */

/* Begin PBXNativeTarget section */
		B69A3D371E397604002B8BB0 /* ChessWithOdin */ = {
			isa = PBXNativeTarget;
			buildConfigurationList = B69A3D651E397604002B8BB0 /* Build configuration list for PBXNativeTarget "ChessWithOdin" */;
			buildPhases = (
				B69A3D341E397604002B8BB0 /* Sources */,
				B69A3D351E397604002B8BB0 /* Frameworks */,
				B69A3D361E397604002B8BB0 /* Resources */,
			);
			buildRules = (
			);
			dependencies = (
			);
			name = ChessWithOdin;
			productName = ChessWithOdin;
			productReference = B69A3D381E397604002B8BB0 /* ChessWithOdin.app */;
			productType = "com.apple.product-type.application";
		};
		B69A3D501E397604002B8BB0 /* ChessWithOdinTests */ = {
			isa = PBXNativeTarget;
			buildConfigurationList = B69A3D681E397604002B8BB0 /* Build configuration list for PBXNativeTarget "ChessWithOdinTests" */;
			buildPhases = (
				B69A3D4D1E397604002B8BB0 /* Sources */,
				B69A3D4E1E397604002B8BB0 /* Frameworks */,
				B69A3D4F1E397604002B8BB0 /* Resources */,
			);
			buildRules = (
			);
			dependencies = (
				B69A3D531E397604002B8BB0 /* PBXTargetDependency */,
			);
			name = ChessWithOdinTests;
			productName = ChessWithOdinTests;
			productReference = B69A3D511E397604002B8BB0 /* ChessWithOdinTests.xctest */;
			productType = "com.apple.product-type.bundle.unit-test";
		};
		B69A3D5B1E397604002B8BB0 /* ChessWithOdinUITests */ = {
			isa = PBXNativeTarget;
			buildConfigurationList = B69A3D6B1E397604002B8BB0 /* Build configuration list for PBXNativeTarget "ChessWithOdinUITests" */;
			buildPhases = (
				B69A3D581E397604002B8BB0 /* Sources */,
				B69A3D591E397604002B8BB0 /* Frameworks */,
				B69A3D5A1E397604002B8BB0 /* Resources */,
			);
			buildRules = (
			);
			dependencies = (
				B69A3D5E1E397604002B8BB0 /* PBXTargetDependency */,
			);
			name = ChessWithOdinUITests;
			productName = ChessWithOdinUITests;
			productReference = B69A3D5C1E397604002B8BB0 /* ChessWithOdinUITests.xctest */;
			productType = "com.apple.product-type.bundle.ui-testing";
		};
/* End PBXNativeTarget section */

/* Begin PBXProject section */
		B69A3D301E397604002B8BB0 /* Project object */ = {
			isa = PBXProject;
			attributes = {
				LastUpgradeCheck = 0820;
				ORGANIZATIONNAME = "Garret Kaye";
				TargetAttributes = {
					B69A3D371E397604002B8BB0 = {
						CreatedOnToolsVersion = 8.2.1;
						DevelopmentTeam = N6P3PAE6D6;
						ProvisioningStyle = Automatic;
					};
					B69A3D501E397604002B8BB0 = {
						CreatedOnToolsVersion = 8.2.1;
						DevelopmentTeam = N6P3PAE6D6;
						ProvisioningStyle = Automatic;
						TestTargetID = B69A3D371E397604002B8BB0;
					};
					B69A3D5B1E397604002B8BB0 = {
						CreatedOnToolsVersion = 8.2.1;
						DevelopmentTeam = N6P3PAE6D6;
						ProvisioningStyle = Automatic;
						TestTargetID = B69A3D371E397604002B8BB0;
					};
				};
			};
			buildConfigurationList = B69A3D331E397604002B8BB0 /* Build configuration list for PBXProject "ChessWithOdin" */;
			compatibilityVersion = "Xcode 3.2";
			developmentRegion = English;
			hasScannedForEncodings = 0;
			knownRegions = (
				en,
				Base,
			);
			mainGroup = B69A3D2F1E397604002B8BB0;
			productRefGroup = B69A3D391E397604002B8BB0 /* Products */;
			projectDirPath = "";
			projectRoot = "";
			targets = (
				B69A3D371E397604002B8BB0 /* ChessWithOdin */,
				B69A3D501E397604002B8BB0 /* ChessWithOdinTests */,
				B69A3D5B1E397604002B8BB0 /* ChessWithOdinUITests */,
			);
		};
/* End PBXProject section */

/* Begin PBXResourcesBuildPhase section */
		B69A3D361E397604002B8BB0 /* Resources */ = {
			isa = PBXResourcesBuildPhase;
			buildActionMask = 2147483647;
			files = (
				B69A3D751E39782A002B8BB0 /* Vonique 64.ttf in Resources */,
				B69A3D4B1E397604002B8BB0 /* LaunchScreen.storyboard in Resources */,
				B69A3D481E397604002B8BB0 /* Assets.xcassets in Resources */,
				B69A3D461E397604002B8BB0 /* Main.storyboard in Resources */,
			);
			runOnlyForDeploymentPostprocessing = 0;
		};
		B69A3D4F1E397604002B8BB0 /* Resources */ = {
			isa = PBXResourcesBuildPhase;
			buildActionMask = 2147483647;
			files = (
			);
			runOnlyForDeploymentPostprocessing = 0;
		};
		B69A3D5A1E397604002B8BB0 /* Resources */ = {
			isa = PBXResourcesBuildPhase;
			buildActionMask = 2147483647;
			files = (
			);
			runOnlyForDeploymentPostprocessing = 0;
		};
/* End PBXResourcesBuildPhase section */

/* Begin PBXSourcesBuildPhase section */
		B69A3D341E397604002B8BB0 /* Sources */ = {
			isa = PBXSourcesBuildPhase;
			buildActionMask = 2147483647;
			files = (
				B69A3D431E397604002B8BB0 /* ViewController.m in Sources */,
				B69A3D401E397604002B8BB0 /* AppDelegate.m in Sources */,
				B69A3D3D1E397604002B8BB0 /* main.m in Sources */,
				B69A3D721E397797002B8BB0 /* Odin.m in Sources */,
				B69A3D731E397797002B8BB0 /* TheBoard.m in Sources */,
			);
			runOnlyForDeploymentPostprocessing = 0;
		};
		B69A3D4D1E397604002B8BB0 /* Sources */ = {
			isa = PBXSourcesBuildPhase;
			buildActionMask = 2147483647;
			files = (
				B69A3D561E397604002B8BB0 /* ChessWithOdinTests.m in Sources */,
			);
			runOnlyForDeploymentPostprocessing = 0;
		};
		B69A3D581E397604002B8BB0 /* Sources */ = {
			isa = PBXSourcesBuildPhase;
			buildActionMask = 2147483647;
			files = (
				B69A3D611E397604002B8BB0 /* ChessWithOdinUITests.m in Sources */,
			);
			runOnlyForDeploymentPostprocessing = 0;
		};
/* End PBXSourcesBuildPhase section */

/* Begin PBXTargetDependency section */
		B69A3D531E397604002B8BB0 /* PBXTargetDependency */ = {
			isa = PBXTargetDependency;
			target = B69A3D371E397604002B8BB0 /* ChessWithOdin */;
			targetProxy = B69A3D521E397604002B8BB0 /* PBXContainerItemProxy */;
		};
		B69A3D5E1E397604002B8BB0 /* PBXTargetDependency */ = {
			isa = PBXTargetDependency;
			target = B69A3D371E397604002B8BB0 /* ChessWithOdin */;
			targetProxy = B69A3D5D1E397604002B8BB0 /* PBXContainerItemProxy */;
		};
/* End PBXTargetDependency section */

/* Begin PBXVariantGroup section */
		B69A3D441E397604002B8BB0 /* Main.storyboard */ = {
			isa = PBXVariantGroup;
			children = (
				B69A3D451E397604002B8BB0 /* Base */,
			);
			name = Main.storyboard;
			sourceTree = "<group>";
		};
		B69A3D491E397604002B8BB0 /* LaunchScreen.storyboard */ = {
			isa = PBXVariantGroup;
			children = (
				B69A3D4A1E397604002B8BB0 /* Base */,
			);
			name = LaunchScreen.storyboard;
			sourceTree = "<group>";
		};
/* End PBXVariantGroup section */

/* Begin XCBuildConfiguration section */
		B69A3D631E397604002B8BB0 /* Debug */ = {
			isa = XCBuildConfiguration;
			buildSettings = {
				ALWAYS_SEARCH_USER_PATHS = NO;
				CLANG_ANALYZER_NONNULL = YES;
				CLANG_CXX_LANGUAGE_STANDARD = "gnu++0x";
				CLANG_CXX_LIBRARY = "libc++";
				CLANG_ENABLE_MODULES = YES;
				CLANG_ENABLE_OBJC_ARC = YES;
				CLANG_WARN_BOOL_CONVERSION = YES;
				CLANG_WARN_CONSTANT_CONVERSION = YES;
				CLANG_WARN_DIRECT_OBJC_ISA_USAGE = YES_ERROR;
				CLANG_WARN_DOCUMENTATION_COMMENTS = YES;
				CLANG_WARN_EMPTY_BODY = YES;
				CLANG_WARN_ENUM_CONVERSION = YES;
				CLANG_WARN_INFINITE_RECURSION = YES;
				CLANG_WARN_INT_CONVERSION = YES;
				CLANG_WARN_OBJC_ROOT_CLASS = YES_ERROR;
				CLANG_WARN_SUSPICIOUS_MOVE = YES;
				CLANG_WARN_UNREACHABLE_CODE = YES;
				CLANG_WARN__DUPLICATE_METHOD_MATCH = YES;
				"CODE_SIGN_IDENTITY[sdk=iphoneos*]" = "iPhone Developer";
				COPY_PHASE_STRIP = NO;
				DEBUG_INFORMATION_FORMAT = dwarf;
				ENABLE_STRICT_OBJC_MSGSEND = YES;
				ENABLE_TESTABILITY = YES;
				GCC_C_LANGUAGE_STANDARD = gnu99;
				GCC_DYNAMIC_NO_PIC = NO;
				GCC_NO_COMMON_BLOCKS = YES;
				GCC_OPTIMIZATION_LEVEL = 0;
				GCC_PREPROCESSOR_DEFINITIONS = (
					"DEBUG=1",
					"$(inherited)",
				);
				GCC_WARN_64_TO_32_BIT_CONVERSION = YES;
				GCC_WARN_ABOUT_RETURN_TYPE = YES_ERROR;
				GCC_WARN_UNDECLARED_SELECTOR = YES;
				GCC_WARN_UNINITIALIZED_AUTOS = YES_AGGRESSIVE;
				GCC_WARN_UNUSED_FUNCTION = YES;
				GCC_WARN_UNUSED_VARIABLE = YES;
				IPHONEOS_DEPLOYMENT_TARGET = 10.2;
				MTL_ENABLE_DEBUG_INFO = YES;
				ONLY_ACTIVE_ARCH = YES;
				SDKROOT = iphoneos;
				TARGETED_DEVICE_FAMILY = "1,2";
			};
			name = Debug;
		};
		B69A3D641E397604002B8BB0 /* Release */ = {
			isa = XCBuildConfiguration;
			buildSettings = {
				ALWAYS_SEARCH_USER_PATHS = NO;
				CLANG_ANALYZER_NONNULL = YES;
				CLANG_CXX_LANGUAGE_STANDARD = "gnu++0x";
				CLANG_CXX_LIBRARY = "libc++";
				CLANG_ENABLE_MODULES = YES;
				CLANG_ENABLE_OBJC_ARC = YES;
				CLANG_WARN_BOOL_CONVERSION = YES;
				CLANG_WARN_CONSTANT_CONVERSION = YES;
				CLANG_WARN_DIRECT_OBJC_ISA_USAGE = YES_ERROR;
				CLANG_WARN_DOCUMENTATION_COMMENTS = YES;
				CLANG_WARN_EMPTY_BODY = YES;
				CLANG_WARN_ENUM_CONVERSION = YES;
				CLANG_WARN_INFINITE_RECURSION = YES;
				CLANG_WARN_INT_CONVERSION = YES;
				CLANG_WARN_OBJC_ROOT_CLASS = YES_ERROR;
				CLANG_WARN_SUSPICIOUS_MOVE = YES;
				CLANG_WARN_UNREACHABLE_CODE = YES;
				CLANG_WARN__DUPLICATE_METHOD_MATCH = YES;
				"CODE_SIGN_IDENTITY[sdk=iphoneos*]" = "iPhone Developer";
				COPY_PHASE_STRIP = NO;
				DEBUG_INFORMATION_FORMAT = "dwarf-with-dsym";
				ENABLE_NS_ASSERTIONS = NO;
				ENABLE_STRICT_OBJC_MSGSEND = YES;
				GCC_C_LANGUAGE_STANDARD = gnu99;
				GCC_NO_COMMON_BLOCKS = YES;
				GCC_WARN_64_TO_32_BIT_CONVERSION = YES;
				GCC_WARN_ABOUT_RETURN_TYPE = YES_ERROR;
				GCC_WARN_UNDECLARED_SELECTOR = YES;
				GCC_WARN_UNINITIALIZED_AUTOS = YES_AGGRESSIVE;
				GCC_WARN_UNUSED_FUNCTION = YES;
				GCC_WARN_UNUSED_VARIABLE = YES;
				IPHONEOS_DEPLOYMENT_TARGET = 10.2;
				MTL_ENABLE_DEBUG_INFO = NO;
				SDKROOT = iphoneos;
				TARGETED_DEVICE_FAMILY = "1,2";
				VALIDATE_PRODUCT = YES;
			};
			name = Release;
		};
		B69A3D661E397604002B8BB0 /* Debug */ = {
			isa = XCBuildConfiguration;
			buildSettings = {
				ASSETCATALOG_COMPILER_APPICON_NAME = AppIcon;
				DEVELOPMENT_TEAM = N6P3PAE6D6;
				INFOPLIST_FILE = ChessWithOdin/Info.plist;
				IPHONEOS_DEPLOYMENT_TARGET = 8.0;
				LD_RUNPATH_SEARCH_PATHS = "$(inherited) @executable_path/Frameworks";
				PRODUCT_BUNDLE_IDENTIFIER = com.GarretKaye.ChessWithOdin.ChessWithOdin;
				PRODUCT_NAME = "$(TARGET_NAME)";
			};
			name = Debug;
		};
		B69A3D671E397604002B8BB0 /* Release */ = {
			isa = XCBuildConfiguration;
			buildSettings = {
				ASSETCATALOG_COMPILER_APPICON_NAME = AppIcon;
				DEVELOPMENT_TEAM = N6P3PAE6D6;
				INFOPLIST_FILE = ChessWithOdin/Info.plist;
				IPHONEOS_DEPLOYMENT_TARGET = 8.0;
				LD_RUNPATH_SEARCH_PATHS = "$(inherited) @executable_path/Frameworks";
				PRODUCT_BUNDLE_IDENTIFIER = com.GarretKaye.ChessWithOdin.ChessWithOdin;
				PRODUCT_NAME = "$(TARGET_NAME)";
			};
			name = Release;
		};
		B69A3D691E397604002B8BB0 /* Debug */ = {
			isa = XCBuildConfiguration;
			buildSettings = {
				BUNDLE_LOADER = "$(TEST_HOST)";
				DEVELOPMENT_TEAM = N6P3PAE6D6;
				INFOPLIST_FILE = ChessWithOdinTests/Info.plist;
				LD_RUNPATH_SEARCH_PATHS = "$(inherited) @executable_path/Frameworks @loader_path/Frameworks";
				PRODUCT_BUNDLE_IDENTIFIER = com.GarretKaye.ChessWithOdin.ChessWithOdinTests;
				PRODUCT_NAME = "$(TARGET_NAME)";
				TEST_HOST = "$(BUILT_PRODUCTS_DIR)/ChessWithOdin.app/ChessWithOdin";
			};
			name = Debug;
		};
		B69A3D6A1E397604002B8BB0 /* Release */ = {
			isa = XCBuildConfiguration;
			buildSettings = {
				BUNDLE_LOADER = "$(TEST_HOST)";
				DEVELOPMENT_TEAM = N6P3PAE6D6;
				INFOPLIST_FILE = ChessWithOdinTests/Info.plist;
				LD_RUNPATH_SEARCH_PATHS = "$(inherited) @executable_path/Frameworks @loader_path/Frameworks";
				PRODUCT_BUNDLE_IDENTIFIER = com.GarretKaye.ChessWithOdin.ChessWithOdinTests;
				PRODUCT_NAME = "$(TARGET_NAME)";
				TEST_HOST = "$(BUILT_PRODUCTS_DIR)/ChessWithOdin.app/ChessWithOdin";
			};
			name = Release;
		};
		B69A3D6C1E397604002B8BB0 /* Debug */ = {
			isa = XCBuildConfiguration;
			buildSettings = {
				DEVELOPMENT_TEAM = N6P3PAE6D6;
				INFOPLIST_FILE = ChessWithOdinUITests/Info.plist;
				LD_RUNPATH_SEARCH_PATHS = "$(inherited) @executable_path/Frameworks @loader_path/Frameworks";
				PRODUCT_BUNDLE_IDENTIFIER = com.GarretKaye.ChessWithOdin.ChessWithOdinUITests;
				PRODUCT_NAME = "$(TARGET_NAME)";
				TEST_TARGET_NAME = ChessWithOdin;
			};
			name = Debug;
		};
		B69A3D6D1E397604002B8BB0 /* Release */ = {
			isa = XCBuildConfiguration;
			buildSettings = {
				DEVELOPMENT_TEAM = N6P3PAE6D6;
				INFOPLIST_FILE = ChessWithOdinUITests/Info.plist;
				LD_RUNPATH_SEARCH_PATHS = "$(inherited) @executable_path/Frameworks @loader_path/Frameworks";
				PRODUCT_BUNDLE_IDENTIFIER = com.GarretKaye.ChessWithOdin.ChessWithOdinUITests;
				PRODUCT_NAME = "$(TARGET_NAME)";
				TEST_TARGET_NAME = ChessWithOdin;
			};
			name = Release;
		};
/* End XCBuildConfiguration section */

/* Begin XCConfigurationList section */
		B69A3D331E397604002B8BB0 /* Build configuration list for PBXProject "ChessWithOdin" */ = {
			isa = XCConfigurationList;
			buildConfigurations = (
				B69A3D631E397604002B8BB0 /* Debug */,
				B69A3D641E397604002B8BB0 /* Release */,
			);
			defaultConfigurationIsVisible = 0;
			defaultConfigurationName = Release;
		};
		B69A3D651E397604002B8BB0 /* Build configuration list for PBXNativeTarget "ChessWithOdin" */ = {
			isa = XCConfigurationList;
			buildConfigurations = (
				B69A3D661E397604002B8BB0 /* Debug */,
				B69A3D671E397604002B8BB0 /* Release */,
			);
			defaultConfigurationIsVisible = 0;
			defaultConfigurationName = Release;
		};
		B69A3D681E397604002B8BB0 /* Build configuration list for PBXNativeTarget "ChessWithOdinTests" */ = {
			isa = XCConfigurationList;
			buildConfigurations = (
				B69A3D691E397604002B8BB0 /* Debug */,
				B69A3D6A1E397604002B8BB0 /* Release */,
			);
			defaultConfigurationIsVisible = 0;
			defaultConfigurationName = Release;
		};
		B69A3D6B1E397604002B8BB0 /* Build configuration list for PBXNativeTarget "ChessWithOdinUITests" */ = {
			isa = XCConfigurationList;
			buildConfigurations = (
				B69A3D6C1E397604002B8BB0 /* Debug */,
				B69A3D6D1E397604002B8BB0 /* Release */,
			);
			defaultConfigurationIsVisible = 0;
			defaultConfigurationName = Release;
		};
/* End XCConfigurationList section */
	};
	rootObject = B69A3D301E397604002B8BB0 /* Project object */;
}
